
Microsoft Visual Studio Solution File, Format Version 12.00
# Visual Studio Version 17
VisualStudioVersion = 17.6.33717.318
MinimumVisualStudioVersion = 10.0.40219.1
Project("{9A19103F-16F7-4668-BE54-9A1E7A4F7556}") = "Project1Empty", "PP\Project1Empty.csproj", "{B81918E8-EDC2-4753-A811-49A4F8789C1F}"
EndProject
Project("{9A19103F-16F7-4668-BE54-9A1E7A4F7556}") = "WebApp1", "WebApp1\WebApp1.csproj", "{15304AE9-7721-4CC6-A385-D8C06452A736}"
EndProject
Project("{9A19103F-16F7-4668-BE54-9A1E7A4F7556}") = "WebAppWithSqlDatabase", "WebAppWithSqlDatabase\WebAppWithSqlDatabase.csproj", "{85FA5267-C2B6-4909-8A0D-BE894AED1D81}"
EndProject
Project("{9A19103F-16F7-4668-BE54-9A1E7A4F7556}") = "EmptyWebAppWithSqlDatabase", "EmptyWebAppWithSqlDatabase\EmptyWebAppWithSqlDatabase.csproj", "{20EAC77B-D122-4614-8F72-DC8D46A4A5B4}"
EndProject
Project("{9A19103F-16F7-4668-BE54-9A1E7A4F7556}") = "RazorProject1Empty", "RazorProject1Empty\RazorProject1Empty.csproj", "{7E42E4E7-37BD-4674-AEE9-C52A7871480B}"
EndProject
Project("{9A19103F-16F7-4668-BE54-9A1E7A4F7556}") = "Mvc1", "Mvc1\Mvc1.csproj", "{D6BB5AB7-937B-464F-936C-4564D67D85B4}"
EndProject
Global
	GlobalSection(SolutionConfigurationPlatforms) = preSolution
		Debug|Any CPU = Debug|Any CPU
		Release|Any CPU = Release|Any CPU
	EndGlobalSection
	GlobalSection(ProjectConfigurationPlatforms) = postSolution
		{B81918E8-EDC2-4753-A811-49A4F8789C1F}.Debug|Any CPU.ActiveCfg = Debug|Any CPU
		{B81918E8-EDC2-4753-A811-49A4F8789C1F}.Debug|Any CPU.Build.0 = Debug|Any CPU
		{B81918E8-EDC2-4753-A811-49A4F8789C1F}.Release|Any CPU.ActiveCfg = Release|Any CPU
		{B81918E8-EDC2-4753-A811-49A4F8789C1F}.Release|Any CPU.Build.0 = Release|Any CPU
		{15304AE9-7721-4CC6-A385-D8C06452A736}.Debug|Any CPU.ActiveCfg = Debug|Any CPU
		{15304AE9-7721-4CC6-A385-D8C06452A736}.Debug|Any CPU.Build.0 = Debug|Any CPU
		{15304AE9-7721-4CC6-A385-D8C06452A736}.Release|Any CPU.ActiveCfg = Release|Any CPU
		{15304AE9-7721-4CC6-A385-D8C06452A736}.Release|Any CPU.Build.0 = Release|Any CPU
		{85FA5267-C2B6-4909-8A0D-BE894AED1D81}.Debug|Any CPU.ActiveCfg = Debug|Any CPU
		{85FA5267-C2B6-4909-8A0D-BE894AED1D81}.Debug|Any CPU.Build.0 = Debug|Any CPU
		{85FA5267-C2B6-4909-8A0D-BE894AED1D81}.Release|Any CPU.ActiveCfg = Release|Any CPU
		{85FA5267-C2B6-4909-8A0D-BE894AED1D81}.Release|Any CPU.Build.0 = Release|Any CPU
		{20EAC77B-D122-4614-8F72-DC8D46A4A5B4}.Debug|Any CPU.ActiveCfg = Debug|Any CPU
		{20EAC77B-D122-4614-8F72-DC8D46A4A5B4}.Debug|Any CPU.Build.0 = Debug|Any CPU
		{20EAC77B-D122-4614-8F72-DC8D46A4A5B4}.Release|Any CPU.ActiveCfg = Release|Any CPU
		{20EAC77B-D122-4614-8F72-DC8D46A4A5B4}.Release|Any CPU.Build.0 = Release|Any CPU
		{7E42E4E7-37BD-4674-AEE9-C52A7871480B}.Debug|Any CPU.ActiveCfg = Debug|Any CPU
		{7E42E4E7-37BD-4674-AEE9-C52A7871480B}.Debug|Any CPU.Build.0 = Debug|Any CPU
		{7E42E4E7-37BD-4674-AEE9-C52A7871480B}.Release|Any CPU.ActiveCfg = Release|Any CPU
		{7E42E4E7-37BD-4674-AEE9-C52A7871480B}.Release|Any CPU.Build.0 = Release|Any CPU
		{D6BB5AB7-937B-464F-936C-4564D67D85B4}.Debug|Any CPU.ActiveCfg = Debug|Any CPU
		{D6BB5AB7-937B-464F-936C-4564D67D85B4}.Debug|Any CPU.Build.0 = Debug|Any CPU
		{D6BB5AB7-937B-464F-936C-4564D67D85B4}.Release|Any CPU.ActiveCfg = Release|Any CPU
		{D6BB5AB7-937B-464F-936C-4564D67D85B4}.Release|Any CPU.Build.0 = Release|Any CPU
	EndGlobalSection
	GlobalSection(SolutionProperties) = preSolution
		HideSolutionNode = FALSE
	EndGlobalSection
	GlobalSection(ExtensibilityGlobals) = postSolution
		SolutionGuid = {8B681257-21F5-490A-A8A4-2B12A0F38BF8}
	EndGlobalSection
EndGlobal
